{
  "name": "qev",
  "version": "0.1.0",
  "lockfileVersion": 3,
  "requires": true,
  "packages": {
    "": {
      "name": "qev",
      "version": "0.1.0",
      "dependencies": {
        "kevala": "0.1.3"
      },
      "engines": {
        "node": ">=22"
      }
    },
    "node_modules/kevala": {
      "version": "0.1.3",
      "resolved": "https://registry.npmjs.org/kevala/-/kevala-0.1.3.tgz",
      "integrity": "sha512-nXnTJ8jmaX3n4dHIxWQ0VHF9dw8SUfl9OKHolhqNUKHW6KLdFz4XtPKeaQM8qfTgCGV7dYx/P/x4dpjQ1jJ0HQ==",
      "license": "Apache-2.0"
    }
  }
}
